
Microsoft Visual Studio Solution File, Format Version 12.00
# Visual Studio 15
VisualStudioVersion = 15.0.26124.0
MinimumVisualStudioVersion = 15.0.26124.0
Project("{FAE04EC0-301F-11D3-BF4B-00C04F79EFBC}") = "AdventOfCode.Tests", "AdventOfCode.Tests\AdventOfCode.Tests.csproj", "{CF146D6E-C534-42C5-BE56-218B42FB0B58}"
EndProject
Project("{FAE04EC0-301F-11D3-BF4B-00C04F79EFBC}") = "AdventOfCode", "AdventOfCode.Code\AdventOfCode.csproj", "{77B75B66-4C47-4C3C-8101-CD5F58460289}"
EndProject
Global
	GlobalSection(SolutionConfigurationPlatforms) = preSolution
		Debug|Any CPU = Debug|Any CPU
		Debug|x64 = Debug|x64
		Debug|x86 = Debug|x86
		Release|Any CPU = Release|Any CPU
		Release|x64 = Release|x64
		Release|x86 = Release|x86
	EndGlobalSection
	GlobalSection(SolutionProperties) = preSolution
		HideSolutionNode = FALSE
	EndGlobalSection
	GlobalSection(ProjectConfigurationPlatforms) = postSolution
		{CF146D6E-C534-42C5-BE56-218B42FB0B58}.Debug|Any CPU.ActiveCfg = Debug|Any CPU
		{CF146D6E-C534-42C5-BE56-218B42FB0B58}.Debug|Any CPU.Build.0 = Debug|Any CPU
		{CF146D6E-C534-42C5-BE56-218B42FB0B58}.Debug|x64.ActiveCfg = Debug|Any CPU
		{CF146D6E-C534-42C5-BE56-218B42FB0B58}.Debug|x64.Build.0 = Debug|Any CPU
		{CF146D6E-C534-42C5-BE56-218B42FB0B58}.Debug|x86.ActiveCfg = Debug|Any CPU
		{CF146D6E-C534-42C5-BE56-218B42FB0B58}.Debug|x86.Build.0 = Debug|Any CPU
		{CF146D6E-C534-42C5-BE56-218B42FB0B58}.Release|Any CPU.ActiveCfg = Release|Any CPU
		{CF146D6E-C534-42C5-BE56-218B42FB0B58}.Release|Any CPU.Build.0 = Release|Any CPU
		{CF146D6E-C534-42C5-BE56-218B42FB0B58}.Release|x64.ActiveCfg = Release|Any CPU
		{CF146D6E-C534-42C5-BE56-218B42FB0B58}.Release|x64.Build.0 = Release|Any CPU
		{CF146D6E-C534-42C5-BE56-218B42FB0B58}.Release|x86.ActiveCfg = Release|Any CPU
		{CF146D6E-C534-42C5-BE56-218B42FB0B58}.Release|x86.Build.0 = Release|Any CPU
		{77B75B66-4C47-4C3C-8101-CD5F58460289}.Debug|Any CPU.ActiveCfg = Debug|Any CPU
		{77B75B66-4C47-4C3C-8101-CD5F58460289}.Debug|Any CPU.Build.0 = Debug|Any CPU
		{77B75B66-4C47-4C3C-8101-CD5F58460289}.Debug|x64.ActiveCfg = Debug|Any CPU
		{77B75B66-4C47-4C3C-8101-CD5F58460289}.Debug|x64.Build.0 = Debug|Any CPU
		{77B75B66-4C47-4C3C-8101-CD5F58460289}.Debug|x86.ActiveCfg = Debug|Any CPU
		{77B75B66-4C47-4C3C-8101-CD5F58460289}.Debug|x86.Build.0 = Debug|Any CPU
		{77B75B66-4C47-4C3C-8101-CD5F58460289}.Release|Any CPU.ActiveCfg = Release|Any CPU
		{77B75B66-4C47-4C3C-8101-CD5F58460289}.Release|Any CPU.Build.0 = Release|Any CPU
		{77B75B66-4C47-4C3C-8101-CD5F58460289}.Release|x64.ActiveCfg = Release|Any CPU
		{77B75B66-4C47-4C3C-8101-CD5F58460289}.Release|x64.Build.0 = Release|Any CPU
		{77B75B66-4C47-4C3C-8101-CD5F58460289}.Release|x86.ActiveCfg = Release|Any CPU
		{77B75B66-4C47-4C3C-8101-CD5F58460289}.Release|x86.Build.0 = Release|Any CPU
	EndGlobalSection
EndGlobal
